
Microsoft Visual Studio Solution File, Format Version 12.00
# Visual Studio Version 17
VisualStudioVersion = 17.5.2.0
MinimumVisualStudioVersion = 10.0.40219.1
Project("{FAE04EC0-301F-11D3-BF4B-00C04F79EFBC}") = "InlogikConsoleApp", "InlogikConsoleApp\InlogikConsoleApp.csproj", "{BC0C5F06-FE3B-DA9F-8BFB-7AF074F75273}"
EndProject
Project("{FAE04EC0-301F-11D3-BF4B-00C04F79EFBC}") = "InlogikConsoleApp.Tests", "InlogikConsoleApp.Tests\InlogikConsoleApp.Tests.csproj", "{97C87583-B69A-46C6-860E-070CB7AB2723}"
EndProject
Global
	GlobalSection(SolutionConfigurationPlatforms) = preSolution
		Debug|Any CPU = Debug|Any CPU
		Debug|x64 = Debug|x64
		Debug|x86 = Debug|x86
		Release|Any CPU = Release|Any CPU
		Release|x64 = Release|x64
		Release|x86 = Release|x86
	EndGlobalSection
	GlobalSection(ProjectConfigurationPlatforms) = postSolution
		{BC0C5F06-FE3B-DA9F-8BFB-7AF074F75273}.Debug|Any CPU.ActiveCfg = Debug|Any CPU
		{BC0C5F06-FE3B-DA9F-8BFB-7AF074F75273}.Debug|Any CPU.Build.0 = Debug|Any CPU
		{BC0C5F06-FE3B-DA9F-8BFB-7AF074F75273}.Debug|x64.ActiveCfg = Debug|Any CPU
		{BC0C5F06-FE3B-DA9F-8BFB-7AF074F75273}.Debug|x64.Build.0 = Debug|Any CPU
		{BC0C5F06-FE3B-DA9F-8BFB-7AF074F75273}.Debug|x86.ActiveCfg = Debug|Any CPU
		{BC0C5F06-FE3B-DA9F-8BFB-7AF074F75273}.Debug|x86.Build.0 = Debug|Any CPU
		{BC0C5F06-FE3B-DA9F-8BFB-7AF074F75273}.Release|Any CPU.ActiveCfg = Release|Any CPU
		{BC0C5F06-FE3B-DA9F-8BFB-7AF074F75273}.Release|Any CPU.Build.0 = Release|Any CPU
		{BC0C5F06-FE3B-DA9F-8BFB-7AF074F75273}.Release|x64.ActiveCfg = Release|Any CPU
		{BC0C5F06-FE3B-DA9F-8BFB-7AF074F75273}.Release|x64.Build.0 = Release|Any CPU
		{BC0C5F06-FE3B-DA9F-8BFB-7AF074F75273}.Release|x86.ActiveCfg = Release|Any CPU
		{BC0C5F06-FE3B-DA9F-8BFB-7AF074F75273}.Release|x86.Build.0 = Release|Any CPU
		{97C87583-B69A-46C6-860E-070CB7AB2723}.Debug|Any CPU.ActiveCfg = Debug|Any CPU
		{97C87583-B69A-46C6-860E-070CB7AB2723}.Debug|Any CPU.Build.0 = Debug|Any CPU
		{97C87583-B69A-46C6-860E-070CB7AB2723}.Debug|x64.ActiveCfg = Debug|Any CPU
		{97C87583-B69A-46C6-860E-070CB7AB2723}.Debug|x64.Build.0 = Debug|Any CPU
		{97C87583-B69A-46C6-860E-070CB7AB2723}.Debug|x86.ActiveCfg = Debug|Any CPU
		{97C87583-B69A-46C6-860E-070CB7AB2723}.Debug|x86.Build.0 = Debug|Any CPU
		{97C87583-B69A-46C6-860E-070CB7AB2723}.Release|Any CPU.ActiveCfg = Release|Any CPU
		{97C87583-B69A-46C6-860E-070CB7AB2723}.Release|Any CPU.Build.0 = Release|Any CPU
		{97C87583-B69A-46C6-860E-070CB7AB2723}.Release|x64.ActiveCfg = Release|Any CPU
		{97C87583-B69A-46C6-860E-070CB7AB2723}.Release|x64.Build.0 = Release|Any CPU
		{97C87583-B69A-46C6-860E-070CB7AB2723}.Release|x86.ActiveCfg = Release|Any CPU
		{97C87583-B69A-46C6-860E-070CB7AB2723}.Release|x86.Build.0 = Release|Any CPU
	EndGlobalSection
	GlobalSection(SolutionProperties) = preSolution
		HideSolutionNode = FALSE
	EndGlobalSection
	GlobalSection(ExtensibilityGlobals) = postSolution
		SolutionGuid = {325FC825-B3B1-47C9-8FD5-C530F2FDCC07}
	EndGlobalSection
EndGlobal
